
Microsoft Visual Studio Solution File, Format Version 12.00
# Visual Studio Version 17
VisualStudioVersion = 17.5.33530.505
MinimumVisualStudioVersion = 10.0.40219.1
Project("{FAE04EC0-301F-11D3-BF4B-00C04F79EFBC}") = "ConsolaPrueba.GITHUB", "ConsolaPrueba.GITHUB\ConsolaPrueba.GITHUB.csproj", "{7B5B1061-0679-422C-AAB4-D6C5046BCA6D}"
EndProject
Global
	GlobalSection(SolutionConfigurationPlatforms) = preSolution
		Debug|Any CPU = Debug|Any CPU
		Release|Any CPU = Release|Any CPU
	EndGlobalSection
	GlobalSection(ProjectConfigurationPlatforms) = postSolution
		{7B5B1061-0679-422C-AAB4-D6C5046BCA6D}.Debug|Any CPU.ActiveCfg = Debug|Any CPU
		{7B5B1061-0679-422C-AAB4-D6C5046BCA6D}.Debug|Any CPU.Build.0 = Debug|Any CPU
		{7B5B1061-0679-422C-AAB4-D6C5046BCA6D}.Release|Any CPU.ActiveCfg = Release|Any CPU
		{7B5B1061-0679-422C-AAB4-D6C5046BCA6D}.Release|Any CPU.Build.0 = Release|Any CPU
	EndGlobalSection
	GlobalSection(SolutionProperties) = preSolution
		HideSolutionNode = FALSE
	EndGlobalSection
	GlobalSection(ExtensibilityGlobals) = postSolution
		SolutionGuid = {83A9DB0F-E3F8-4475-B4DE-417B58F8542F}
	EndGlobalSection
EndGlobal
